
Microsoft Visual Studio Solution File, Format Version 12.00
# Visual Studio Version 16
VisualStudioVersion = 16.0.32407.337
MinimumVisualStudioVersion = 10.0.40219.1
Project("{FAE04EC0-301F-11D3-BF4B-00C04F79EFBC}") = "HobbyLobbyProject", "HobbyLobbyProject\HobbyLobbyProject.csproj", "{906F4452-D6E0-4897-98D7-A2D32CE6471F}"
EndProject
Global
	GlobalSection(SolutionConfigurationPlatforms) = preSolution
		Debug|Any CPU = Debug|Any CPU
		Release|Any CPU = Release|Any CPU
	EndGlobalSection
	GlobalSection(ProjectConfigurationPlatforms) = postSolution
		{906F4452-D6E0-4897-98D7-A2D32CE6471F}.Debug|Any CPU.ActiveCfg = Debug|Any CPU
		{906F4452-D6E0-4897-98D7-A2D32CE6471F}.Debug|Any CPU.Build.0 = Debug|Any CPU
		{906F4452-D6E0-4897-98D7-A2D32CE6471F}.Release|Any CPU.ActiveCfg = Release|Any CPU
		{906F4452-D6E0-4897-98D7-A2D32CE6471F}.Release|Any CPU.Build.0 = Release|Any CPU
	EndGlobalSection
	GlobalSection(SolutionProperties) = preSolution
		HideSolutionNode = FALSE
	EndGlobalSection
	GlobalSection(ExtensibilityGlobals) = postSolution
		SolutionGuid = {611488D0-0143-4DD8-AC99-93E4A5D6FB00}
	EndGlobalSection
EndGlobal
